// !$*UTF8*$!
{
	archiveVersion = 1;
	classes = {
	};
	objectVersion = 50;
	objects = {

/* Begin PBXBuildFile section */
		4509329D2591065D0092FDF5 /* AppDelegate.swift in Sources */ = {isa = PBXBuildFile; fileRef = 4509329C2591065D0092FDF5 /* AppDelegate.swift */; };
		4509329F2591065D0092FDF5 /* SceneDelegate.swift in Sources */ = {isa = PBXBuildFile; fileRef = 4509329E2591065D0092FDF5 /* SceneDelegate.swift */; };
		450932A42591065D0092FDF5 /* Main.storyboard in Resources */ = {isa = PBXBuildFile; fileRef = 450932A22591065D0092FDF5 /* Main.storyboard */; };
		450932A6259106610092FDF5 /* Assets.xcassets in Resources */ = {isa = PBXBuildFile; fileRef = 450932A5259106610092FDF5 /* Assets.xcassets */; };
		450932A9259106610092FDF5 /* LaunchScreen.storyboard in Resources */ = {isa = PBXBuildFile; fileRef = 450932A7259106610092FDF5 /* LaunchScreen.storyboard */; };
		450932B4259106610092FDF5 /* WeatherMateTests.swift in Sources */ = {isa = PBXBuildFile; fileRef = 450932B3259106610092FDF5 /* WeatherMateTests.swift */; };
		450932D025919F3A0092FDF5 /* CountryListViewController.swift in Sources */ = {isa = PBXBuildFile; fileRef = 450932CF25919F3A0092FDF5 /* CountryListViewController.swift */; };
		450932D525919FA20092FDF5 /* SearchCityViewController.swift in Sources */ = {isa = PBXBuildFile; fileRef = 450932D425919FA20092FDF5 /* SearchCityViewController.swift */; };
		450932DC2591A1810092FDF5 /* CountryList.swift in Sources */ = {isa = PBXBuildFile; fileRef = 450932DB2591A1810092FDF5 /* CountryList.swift */; };
		450932E72591A2A40092FDF5 /* Extensions.swift in Sources */ = {isa = PBXBuildFile; fileRef = 450932E62591A2A40092FDF5 /* Extensions.swift */; };
		450932EF2591A2D90092FDF5 /* TableAnimation.swift in Sources */ = {isa = PBXBuildFile; fileRef = 450932EE2591A2D90092FDF5 /* TableAnimation.swift */; };
		450932F42591A2FD0092FDF5 /* ImageLoader.swift in Sources */ = {isa = PBXBuildFile; fileRef = 450932F32591A2FD0092FDF5 /* ImageLoader.swift */; };
		450932F92591A3200092FDF5 /* SearchFooter.swift in Sources */ = {isa = PBXBuildFile; fileRef = 450932F82591A3200092FDF5 /* SearchFooter.swift */; };
		450932FE2591A3760092FDF5 /* Router.swift in Sources */ = {isa = PBXBuildFile; fileRef = 450932FD2591A3760092FDF5 /* Router.swift */; };
		450933042591A3E50092FDF5 /* ServiceLayer.swift in Sources */ = {isa = PBXBuildFile; fileRef = 450933032591A3E50092FDF5 /* ServiceLayer.swift */; };
		450933142592959B0092FDF5 /* DetailViewController.swift in Sources */ = {isa = PBXBuildFile; fileRef = 450933132592959B0092FDF5 /* DetailViewController.swift */; };
		450933282592A1970092FDF5 /* Weather_image.jpg in Resources */ = {isa = PBXBuildFile; fileRef = 450933262592A1970092FDF5 /* Weather_image.jpg */; };
		450933322592B0130092FDF5 /* WeatherMateFakeTests.swift in Sources */ = {isa = PBXBuildFile; fileRef = 450933312592B0130092FDF5 /* WeatherMateFakeTests.swift */; };
		450933392592B0940092FDF5 /* ServiceLayer.swift in Sources */ = {isa = PBXBuildFile; fileRef = 450933032591A3E50092FDF5 /* ServiceLayer.swift */; };
		4509333D2592B0980092FDF5 /* Extensions.swift in Sources */ = {isa = PBXBuildFile; fileRef = 450932E62591A2A40092FDF5 /* Extensions.swift */; };
		450933412592B09A0092FDF5 /* TableAnimation.swift in Sources */ = {isa = PBXBuildFile; fileRef = 450932EE2591A2D90092FDF5 /* TableAnimation.swift */; };
		450933452592B09D0092FDF5 /* ImageLoader.swift in Sources */ = {isa = PBXBuildFile; fileRef = 450932F32591A2FD0092FDF5 /* ImageLoader.swift */; };
		450933492592B0A00092FDF5 /* SearchFooter.swift in Sources */ = {isa = PBXBuildFile; fileRef = 450932F82591A3200092FDF5 /* SearchFooter.swift */; };
		4509334D2592B0D30092FDF5 /* CountryList.swift in Sources */ = {isa = PBXBuildFile; fileRef = 450932DB2591A1810092FDF5 /* CountryList.swift */; };
		450933512592B0D60092FDF5 /* Router.swift in Sources */ = {isa = PBXBuildFile; fileRef = 450932FD2591A3760092FDF5 /* Router.swift */; };
		450933552592B0D90092FDF5 /* CountryListViewController.swift in Sources */ = {isa = PBXBuildFile; fileRef = 450932CF25919F3A0092FDF5 /* CountryListViewController.swift */; };
		450933592592B0DC0092FDF5 /* SearchCityViewController.swift in Sources */ = {isa = PBXBuildFile; fileRef = 450932D425919FA20092FDF5 /* SearchCityViewController.swift */; };
		4509335D2592B0DF0092FDF5 /* DetailViewController.swift in Sources */ = {isa = PBXBuildFile; fileRef = 450933132592959B0092FDF5 /* DetailViewController.swift */; };
		450933612592B0E30092FDF5 /* AppDelegate.swift in Sources */ = {isa = PBXBuildFile; fileRef = 4509329C2591065D0092FDF5 /* AppDelegate.swift */; };
		450933652592B0E60092FDF5 /* SceneDelegate.swift in Sources */ = {isa = PBXBuildFile; fileRef = 4509329E2591065D0092FDF5 /* SceneDelegate.swift */; };
		45153D0425930720005505E1 /* Citylist.json in Resources */ = {isa = PBXBuildFile; fileRef = 45153D0325930720005505E1 /* Citylist.json */; };
		45153D0525930720005505E1 /* Citylist.json in Resources */ = {isa = PBXBuildFile; fileRef = 45153D0325930720005505E1 /* Citylist.json */; };
		45EA14FF25953707000532D5 /* PropertyListner.swift in Sources */ = {isa = PBXBuildFile; fileRef = 45EA14FE25953707000532D5 /* PropertyListner.swift */; };
/* End PBXBuildFile section */

/* Begin PBXContainerItemProxy section */
		450932B0259106610092FDF5 /* PBXContainerItemProxy */ = {
			isa = PBXContainerItemProxy;
			containerPortal = 450932912591065D0092FDF5 /* Project object */;
			proxyType = 1;
			remoteGlobalIDString = 450932982591065D0092FDF5;
			remoteInfo = WeatherMate;
		};
/* End PBXContainerItemProxy section */

/* Begin PBXFileReference section */
		450932992591065D0092FDF5 /* WeatherMate.app */ = {isa = PBXFileReference; explicitFileType = wrapper.application; includeInIndex = 0; path = WeatherMate.app; sourceTree = BUILT_PRODUCTS_DIR; };
		4509329C2591065D0092FDF5 /* AppDelegate.swift */ = {isa = PBXFileReference; lastKnownFileType = sourcecode.swift; path = AppDelegate.swift; sourceTree = "<group>"; };
		4509329E2591065D0092FDF5 /* SceneDelegate.swift */ = {isa = PBXFileReference; lastKnownFileType = sourcecode.swift; path = SceneDelegate.swift; sourceTree = "<group>"; };
		450932A32591065D0092FDF5 /* Base */ = {isa = PBXFileReference; lastKnownFileType = file.storyboard; name = Base; path = Base.lproj/Main.storyboard; sourceTree = "<group>"; };
		450932A5259106610092FDF5 /* Assets.xcassets */ = {isa = PBXFileReference; lastKnownFileType = folder.assetcatalog; path = Assets.xcassets; sourceTree = "<group>"; };
		450932A8259106610092FDF5 /* Base */ = {isa = PBXFileReference; lastKnownFileType = file.storyboard; name = Base; path = Base.lproj/LaunchScreen.storyboard; sourceTree = "<group>"; };
		450932AA259106610092FDF5 /* Info.plist */ = {isa = PBXFileReference; lastKnownFileType = text.plist.xml; path = Info.plist; sourceTree = "<group>"; };
		450932AF259106610092FDF5 /* WeatherMateTests.xctest */ = {isa = PBXFileReference; explicitFileType = wrapper.cfbundle; includeInIndex = 0; path = WeatherMateTests.xctest; sourceTree = BUILT_PRODUCTS_DIR; };
		450932B3259106610092FDF5 /* WeatherMateTests.swift */ = {isa = PBXFileReference; lastKnownFileType = sourcecode.swift; path = WeatherMateTests.swift; sourceTree = "<group>"; };
		450932B5259106610092FDF5 /* Info.plist */ = {isa = PBXFileReference; lastKnownFileType = text.plist.xml; path = Info.plist; sourceTree = "<group>"; };
		450932CF25919F3A0092FDF5 /* CountryListViewController.swift */ = {isa = PBXFileReference; lastKnownFileType = sourcecode.swift; path = CountryListViewController.swift; sourceTree = "<group>"; };
		450932D425919FA20092FDF5 /* SearchCityViewController.swift */ = {isa = PBXFileReference; lastKnownFileType = sourcecode.swift; path = SearchCityViewController.swift; sourceTree = "<group>"; };
		450932DB2591A1810092FDF5 /* CountryList.swift */ = {isa = PBXFileReference; lastKnownFileType = sourcecode.swift; path = CountryList.swift; sourceTree = "<group>"; };
		450932E62591A2A40092FDF5 /* Extensions.swift */ = {isa = PBXFileReference; lastKnownFileType = sourcecode.swift; path = Extensions.swift; sourceTree = "<group>"; };
		450932EE2591A2D90092FDF5 /* TableAnimation.swift */ = {isa = PBXFileReference; lastKnownFileType = sourcecode.swift; path = TableAnimation.swift; sourceTree = "<group>"; };
		450932F32591A2FD0092FDF5 /* ImageLoader.swift */ = {isa = PBXFileReference; lastKnownFileType = sourcecode.swift; path = ImageLoader.swift; sourceTree = "<group>"; };
		450932F82591A3200092FDF5 /* SearchFooter.swift */ = {isa = PBXFileReference; lastKnownFileType = sourcecode.swift; path = SearchFooter.swift; sourceTree = "<group>"; };
		450932FD2591A3760092FDF5 /* Router.swift */ = {isa = PBXFileReference; lastKnownFileType = sourcecode.swift; path = Router.swift; sourceTree = "<group>"; };
		450933032591A3E50092FDF5 /* ServiceLayer.swift */ = {isa = PBXFileReference; lastKnownFileType = sourcecode.swift; path = ServiceLayer.swift; sourceTree = "<group>"; };
		450933132592959B0092FDF5 /* DetailViewController.swift */ = {isa = PBXFileReference; lastKnownFileType = sourcecode.swift; path = DetailViewController.swift; sourceTree = "<group>"; };
		450933262592A1970092FDF5 /* Weather_image.jpg */ = {isa = PBXFileReference; lastKnownFileType = image.jpeg; path = Weather_image.jpg; sourceTree = "<group>"; };
		450933312592B0130092FDF5 /* WeatherMateFakeTests.swift */ = {isa = PBXFileReference; lastKnownFileType = sourcecode.swift; path = WeatherMateFakeTests.swift; sourceTree = "<group>"; };
		45153D0325930720005505E1 /* Citylist.json */ = {isa = PBXFileReference; fileEncoding = 4; lastKnownFileType = text.json; path = Citylist.json; sourceTree = "<group>"; };
		45EA14FE25953707000532D5 /* PropertyListner.swift */ = {isa = PBXFileReference; fileEncoding = 4; lastKnownFileType = sourcecode.swift; path = PropertyListner.swift; sourceTree = "<group>"; };
/* End PBXFileReference section */

/* Begin PBXFrameworksBuildPhase section */
		450932962591065D0092FDF5 /* Frameworks */ = {
			isa = PBXFrameworksBuildPhase;
			buildActionMask = 2147483647;
			files = (
			);
			runOnlyForDeploymentPostprocessing = 0;
		};
		450932AC259106610092FDF5 /* Frameworks */ = {
			isa = PBXFrameworksBuildPhase;
			buildActionMask = 2147483647;
			files = (
			);
			runOnlyForDeploymentPostprocessing = 0;
		};
/* End PBXFrameworksBuildPhase section */

/* Begin PBXGroup section */
		450932902591065D0092FDF5 = {
			isa = PBXGroup;
			children = (
				4509329B2591065D0092FDF5 /* WeatherMate */,
				450932B2259106610092FDF5 /* WeatherMateTests */,
				4509329A2591065D0092FDF5 /* Products */,
			);
			sourceTree = "<group>";
		};
		4509329A2591065D0092FDF5 /* Products */ = {
			isa = PBXGroup;
			children = (
				450932992591065D0092FDF5 /* WeatherMate.app */,
				450932AF259106610092FDF5 /* WeatherMateTests.xctest */,
			);
			name = Products;
			sourceTree = "<group>";
		};
		4509329B2591065D0092FDF5 /* WeatherMate */ = {
			isa = PBXGroup;
			children = (
				45FC9E9625930B5B00D6C785 /* Window */,
				455779AF259325D8007F0276 /* Storyboard */,
				450932D925919FDB0092FDF5 /* Controller */,
				450932DA2591A1000092FDF5 /* Model */,
				450933022591A3C40092FDF5 /* ServiceLayer */,
				450932E52591A2420092FDF5 /* Extensions */,
				455779B025932601007F0276 /* Others */,
			);
			path = WeatherMate;
			sourceTree = "<group>";
		};
		450932B2259106610092FDF5 /* WeatherMateTests */ = {
			isa = PBXGroup;
			children = (
				450932B3259106610092FDF5 /* WeatherMateTests.swift */,
				450933312592B0130092FDF5 /* WeatherMateFakeTests.swift */,
				450932B5259106610092FDF5 /* Info.plist */,
			);
			path = WeatherMateTests;
			sourceTree = "<group>";
		};
		450932D925919FDB0092FDF5 /* Controller */ = {
			isa = PBXGroup;
			children = (
				450932CF25919F3A0092FDF5 /* CountryListViewController.swift */,
				450932D425919FA20092FDF5 /* SearchCityViewController.swift */,
				450933132592959B0092FDF5 /* DetailViewController.swift */,
			);
			path = Controller;
			sourceTree = "<group>";
		};
		450932DA2591A1000092FDF5 /* Model */ = {
			isa = PBXGroup;
			children = (
				450933262592A1970092FDF5 /* Weather_image.jpg */,
				450932DB2591A1810092FDF5 /* CountryList.swift */,
				450932FD2591A3760092FDF5 /* Router.swift */,
			);
			path = Model;
			sourceTree = "<group>";
		};
		450932E52591A2420092FDF5 /* Extensions */ = {
			isa = PBXGroup;
			children = (
				45EA14FE25953707000532D5 /* PropertyListner.swift */,
				450932E62591A2A40092FDF5 /* Extensions.swift */,
				450932EE2591A2D90092FDF5 /* TableAnimation.swift */,
				450932F32591A2FD0092FDF5 /* ImageLoader.swift */,
				450932F82591A3200092FDF5 /* SearchFooter.swift */,
			);
			path = Extensions;
			sourceTree = "<group>";
		};
		450933022591A3C40092FDF5 /* ServiceLayer */ = {
			isa = PBXGroup;
			children = (
				450933032591A3E50092FDF5 /* ServiceLayer.swift */,
			);
			path = ServiceLayer;
			sourceTree = "<group>";
		};
		455779AF259325D8007F0276 /* Storyboard */ = {
			isa = PBXGroup;
			children = (
				450932A7259106610092FDF5 /* LaunchScreen.storyboard */,
				450932A22591065D0092FDF5 /* Main.storyboard */,
			);
			name = Storyboard;
			sourceTree = "<group>";
		};
		455779B025932601007F0276 /* Others */ = {
			isa = PBXGroup;
			children = (
				450932A5259106610092FDF5 /* Assets.xcassets */,
				450932AA259106610092FDF5 /* Info.plist */,
				45153D0325930720005505E1 /* Citylist.json */,
			);
			name = Others;
			sourceTree = "<group>";
		};
		45FC9E9625930B5B00D6C785 /* Window */ = {
			isa = PBXGroup;
			children = (
				4509329C2591065D0092FDF5 /* AppDelegate.swift */,
				4509329E2591065D0092FDF5 /* SceneDelegate.swift */,
			);
			path = Window;
			sourceTree = "<group>";
		};
/* End PBXGroup section */

/* Begin PBXNativeTarget section */
		450932982591065D0092FDF5 /* WeatherMate */ = {
			isa = PBXNativeTarget;
			buildConfigurationList = 450932C3259106610092FDF5 /* Build configuration list for PBXNativeTarget "WeatherMate" */;
			buildPhases = (
				450932952591065D0092FDF5 /* Sources */,
				450932962591065D0092FDF5 /* Frameworks */,
				450932972591065D0092FDF5 /* Resources */,
			);
			buildRules = (
			);
			dependencies = (
			);
			name = WeatherMate;
			productName = WeatherMate;
			productReference = 450932992591065D0092FDF5 /* WeatherMate.app */;
			productType = "com.apple.product-type.application";
		};
		450932AE259106610092FDF5 /* WeatherMateTests */ = {
			isa = PBXNativeTarget;
			buildConfigurationList = 450932C6259106610092FDF5 /* Build configuration list for PBXNativeTarget "WeatherMateTests" */;
			buildPhases = (
				450932AB259106610092FDF5 /* Sources */,
				450932AC259106610092FDF5 /* Frameworks */,
				450932AD259106610092FDF5 /* Resources */,
			);
			buildRules = (
			);
			dependencies = (
				450932B1259106610092FDF5 /* PBXTargetDependency */,
			);
			name = WeatherMateTests;
			productName = WeatherMateTests;
			productReference = 450932AF259106610092FDF5 /* WeatherMateTests.xctest */;
			productType = "com.apple.product-type.bundle.unit-test";
		};
/* End PBXNativeTarget section */

/* Begin PBXProject section */
		450932912591065D0092FDF5 /* Project object */ = {
			isa = PBXProject;
			attributes = {
				LastSwiftUpdateCheck = 1230;
				LastUpgradeCheck = 1230;
				TargetAttributes = {
					450932982591065D0092FDF5 = {
						CreatedOnToolsVersion = 12.3;
					};
					450932AE259106610092FDF5 = {
						CreatedOnToolsVersion = 12.3;
						TestTargetID = 450932982591065D0092FDF5;
					};
				};
			};
			buildConfigurationList = 450932942591065D0092FDF5 /* Build configuration list for PBXProject "WeatherMate" */;
			compatibilityVersion = "Xcode 9.3";
			developmentRegion = en;
			hasScannedForEncodings = 0;
			knownRegions = (
				en,
				Base,
			);
			mainGroup = 450932902591065D0092FDF5;
			productRefGroup = 4509329A2591065D0092FDF5 /* Products */;
			projectDirPath = "";
			projectRoot = "";
			targets = (
				450932982591065D0092FDF5 /* WeatherMate */,
				450932AE259106610092FDF5 /* WeatherMateTests */,
			);
		};
/* End PBXProject section */

/* Begin PBXResourcesBuildPhase section */
		450932972591065D0092FDF5 /* Resources */ = {
			isa = PBXResourcesBuildPhase;
			buildActionMask = 2147483647;
			files = (
				450932A9259106610092FDF5 /* LaunchScreen.storyboard in Resources */,
				450933282592A1970092FDF5 /* Weather_image.jpg in Resources */,
				450932A6259106610092FDF5 /* Assets.xcassets in Resources */,
				450932A42591065D0092FDF5 /* Main.storyboard in Resources */,
				45153D0425930720005505E1 /* Citylist.json in Resources */,
			);
			runOnlyForDeploymentPostprocessing = 0;
		};
		450932AD259106610092FDF5 /* Resources */ = {
			isa = PBXResourcesBuildPhase;
			buildActionMask = 2147483647;
			files = (
				45153D0525930720005505E1 /* Citylist.json in Resources */,
			);
			runOnlyForDeploymentPostprocessing = 0;
		};
/* End PBXResourcesBuildPhase section */

/* Begin PBXSourcesBuildPhase section */
		450932952591065D0092FDF5 /* Sources */ = {
			isa = PBXSourcesBuildPhase;
			buildActionMask = 2147483647;
			files = (
				450933142592959B0092FDF5 /* DetailViewController.swift in Sources */,
				450932FE2591A3760092FDF5 /* Router.swift in Sources */,
				450932F92591A3200092FDF5 /* SearchFooter.swift in Sources */,
				450932D525919FA20092FDF5 /* SearchCityViewController.swift in Sources */,
				450932DC2591A1810092FDF5 /* CountryList.swift in Sources */,
				450932D025919F3A0092FDF5 /* CountryListViewController.swift in Sources */,
				4509329D2591065D0092FDF5 /* AppDelegate.swift in Sources */,
				45EA14FF25953707000532D5 /* PropertyListner.swift in Sources */,
				450933042591A3E50092FDF5 /* ServiceLayer.swift in Sources */,
				450932F42591A2FD0092FDF5 /* ImageLoader.swift in Sources */,
				4509329F2591065D0092FDF5 /* SceneDelegate.swift in Sources */,
				450932E72591A2A40092FDF5 /* Extensions.swift in Sources */,
				450932EF2591A2D90092FDF5 /* TableAnimation.swift in Sources */,
			);
			runOnlyForDeploymentPostprocessing = 0;
		};
		450932AB259106610092FDF5 /* Sources */ = {
			isa = PBXSourcesBuildPhase;
			buildActionMask = 2147483647;
			files = (
				450933412592B09A0092FDF5 /* TableAnimation.swift in Sources */,
				450933652592B0E60092FDF5 /* SceneDelegate.swift in Sources */,
				450933552592B0D90092FDF5 /* CountryListViewController.swift in Sources */,
				450933592592B0DC0092FDF5 /* SearchCityViewController.swift in Sources */,
				4509335D2592B0DF0092FDF5 /* DetailViewController.swift in Sources */,
				450933322592B0130092FDF5 /* WeatherMateFakeTests.swift in Sources */,
				450933452592B09D0092FDF5 /* ImageLoader.swift in Sources */,
				450933392592B0940092FDF5 /* ServiceLayer.swift in Sources */,
				450933512592B0D60092FDF5 /* Router.swift in Sources */,
				450933612592B0E30092FDF5 /* AppDelegate.swift in Sources */,
				4509334D2592B0D30092FDF5 /* CountryList.swift in Sources */,
				450932B4259106610092FDF5 /* WeatherMateTests.swift in Sources */,
				4509333D2592B0980092FDF5 /* Extensions.swift in Sources */,
				450933492592B0A00092FDF5 /* SearchFooter.swift in Sources */,
			);
			runOnlyForDeploymentPostprocessing = 0;
		};
/* End PBXSourcesBuildPhase section */

/* Begin PBXTargetDependency section */
		450932B1259106610092FDF5 /* PBXTargetDependency */ = {
			isa = PBXTargetDependency;
			target = 450932982591065D0092FDF5 /* WeatherMate */;
			targetProxy = 450932B0259106610092FDF5 /* PBXContainerItemProxy */;
		};
/* End PBXTargetDependency section */

/* Begin PBXVariantGroup section */
		450932A22591065D0092FDF5 /* Main.storyboard */ = {
			isa = PBXVariantGroup;
			children = (
				450932A32591065D0092FDF5 /* Base */,
			);
			name = Main.storyboard;
			sourceTree = "<group>";
		};
		450932A7259106610092FDF5 /* LaunchScreen.storyboard */ = {
			isa = PBXVariantGroup;
			children = (
				450932A8259106610092FDF5 /* Base */,
			);
			name = LaunchScreen.storyboard;
			sourceTree = "<group>";
		};
/* End PBXVariantGroup section */

/* Begin XCBuildConfiguration section */
		450932C1259106610092FDF5 /* Debug */ = {
			isa = XCBuildConfiguration;
			buildSettings = {
				ALWAYS_SEARCH_USER_PATHS = NO;
				CLANG_ANALYZER_NONNULL = YES;
				CLANG_ANALYZER_NUMBER_OBJECT_CONVERSION = YES_AGGRESSIVE;
				CLANG_CXX_LANGUAGE_STANDARD = "gnu++14";
				CLANG_CXX_LIBRARY = "libc++";
				CLANG_ENABLE_MODULES = YES;
				CLANG_ENABLE_OBJC_ARC = YES;
				CLANG_ENABLE_OBJC_WEAK = YES;
				CLANG_WARN_BLOCK_CAPTURE_AUTORELEASING = YES;
				CLANG_WARN_BOOL_CONVERSION = YES;
				CLANG_WARN_COMMA = YES;
				CLANG_WARN_CONSTANT_CONVERSION = YES;
				CLANG_WARN_DEPRECATED_OBJC_IMPLEMENTATIONS = YES;
				CLANG_WARN_DIRECT_OBJC_ISA_USAGE = YES_ERROR;
				CLANG_WARN_DOCUMENTATION_COMMENTS = YES;
				CLANG_WARN_EMPTY_BODY = YES;
				CLANG_WARN_ENUM_CONVERSION = YES;
				CLANG_WARN_INFINITE_RECURSION = YES;
				CLANG_WARN_INT_CONVERSION = YES;
				CLANG_WARN_NON_LITERAL_NULL_CONVERSION = YES;
				CLANG_WARN_OBJC_IMPLICIT_RETAIN_SELF = YES;
				CLANG_WARN_OBJC_LITERAL_CONVERSION = YES;
				CLANG_WARN_OBJC_ROOT_CLASS = YES_ERROR;
				CLANG_WARN_QUOTED_INCLUDE_IN_FRAMEWORK_HEADER = YES;
				CLANG_WARN_RANGE_LOOP_ANALYSIS = YES;
				CLANG_WARN_STRICT_PROTOTYPES = YES;
				CLANG_WARN_SUSPICIOUS_MOVE = YES;
				CLANG_WARN_UNGUARDED_AVAILABILITY = YES_AGGRESSIVE;
				CLANG_WARN_UNREACHABLE_CODE = YES;
				CLANG_WARN__DUPLICATE_METHOD_MATCH = YES;
				COPY_PHASE_STRIP = NO;
				DEBUG_INFORMATION_FORMAT = dwarf;
				ENABLE_STRICT_OBJC_MSGSEND = YES;
				ENABLE_TESTABILITY = YES;
				GCC_C_LANGUAGE_STANDARD = gnu11;
				GCC_DYNAMIC_NO_PIC = NO;
				GCC_NO_COMMON_BLOCKS = YES;
				GCC_OPTIMIZATION_LEVEL = 0;
				GCC_PREPROCESSOR_DEFINITIONS = (
					"DEBUG=1",
					"$(inherited)",
				);
				GCC_WARN_64_TO_32_BIT_CONVERSION = YES;
				GCC_WARN_ABOUT_RETURN_TYPE = YES_ERROR;
				GCC_WARN_UNDECLARED_SELECTOR = YES;
				GCC_WARN_UNINITIALIZED_AUTOS = YES_AGGRESSIVE;
				GCC_WARN_UNUSED_FUNCTION = YES;
				GCC_WARN_UNUSED_VARIABLE = YES;
				IPHONEOS_DEPLOYMENT_TARGET = 13.1;
				MTL_ENABLE_DEBUG_INFO = INCLUDE_SOURCE;
				MTL_FAST_MATH = YES;
				ONLY_ACTIVE_ARCH = YES;
				SDKROOT = iphoneos;
				SWIFT_ACTIVE_COMPILATION_CONDITIONS = DEBUG;
				SWIFT_OPTIMIZATION_LEVEL = "-Onone";
			};
			name = Debug;
		};
		450932C2259106610092FDF5 /* Release */ = {
			isa = XCBuildConfiguration;
			buildSettings = {
				ALWAYS_SEARCH_USER_PATHS = NO;
				CLANG_ANALYZER_NONNULL = YES;
				CLANG_ANALYZER_NUMBER_OBJECT_CONVERSION = YES_AGGRESSIVE;
				CLANG_CXX_LANGUAGE_STANDARD = "gnu++14";
				CLANG_CXX_LIBRARY = "libc++";
				CLANG_ENABLE_MODULES = YES;
				CLANG_ENABLE_OBJC_ARC = YES;
				CLANG_ENABLE_OBJC_WEAK = YES;
				CLANG_WARN_BLOCK_CAPTURE_AUTORELEASING = YES;
				CLANG_WARN_BOOL_CONVERSION = YES;
				CLANG_WARN_COMMA = YES;
				CLANG_WARN_CONSTANT_CONVERSION = YES;
				CLANG_WARN_DEPRECATED_OBJC_IMPLEMENTATIONS = YES;
				CLANG_WARN_DIRECT_OBJC_ISA_USAGE = YES_ERROR;
				CLANG_WARN_DOCUMENTATION_COMMENTS = YES;
				CLANG_WARN_EMPTY_BODY = YES;
				CLANG_WARN_ENUM_CONVERSION = YES;
				CLANG_WARN_INFINITE_RECURSION = YES;
				CLANG_WARN_INT_CONVERSION = YES;
				CLANG_WARN_NON_LITERAL_NULL_CONVERSION = YES;
				CLANG_WARN_OBJC_IMPLICIT_RETAIN_SELF = YES;
				CLANG_WARN_OBJC_LITERAL_CONVERSION = YES;
				CLANG_WARN_OBJC_ROOT_CLASS = YES_ERROR;
				CLANG_WARN_QUOTED_INCLUDE_IN_FRAMEWORK_HEADER = YES;
				CLANG_WARN_RANGE_LOOP_ANALYSIS = YES;
				CLANG_WARN_STRICT_PROTOTYPES = YES;
				CLANG_WARN_SUSPICIOUS_MOVE = YES;
				CLANG_WARN_UNGUARDED_AVAILABILITY = YES_AGGRESSIVE;
				CLANG_WARN_UNREACHABLE_CODE = YES;
				CLANG_WARN__DUPLICATE_METHOD_MATCH = YES;
				COPY_PHASE_STRIP = NO;
				DEBUG_INFORMATION_FORMAT = "dwarf-with-dsym";
				ENABLE_NS_ASSERTIONS = NO;
				ENABLE_STRICT_OBJC_MSGSEND = YES;
				GCC_C_LANGUAGE_STANDARD = gnu11;
				GCC_NO_COMMON_BLOCKS = YES;
				GCC_WARN_64_TO_32_BIT_CONVERSION = YES;
				GCC_WARN_ABOUT_RETURN_TYPE = YES_ERROR;
				GCC_WARN_UNDECLARED_SELECTOR = YES;
				GCC_WARN_UNINITIALIZED_AUTOS = YES_AGGRESSIVE;
				GCC_WARN_UNUSED_FUNCTION = YES;
				GCC_WARN_UNUSED_VARIABLE = YES;
				IPHONEOS_DEPLOYMENT_TARGET = 13.1;
				MTL_ENABLE_DEBUG_INFO = NO;
				MTL_FAST_MATH = YES;
				SDKROOT = iphoneos;
				SWIFT_COMPILATION_MODE = wholemodule;
				SWIFT_OPTIMIZATION_LEVEL = "-O";
				VALIDATE_PRODUCT = YES;
			};
			name = Release;
		};
		450932C4259106610092FDF5 /* Debug */ = {
			isa = XCBuildConfiguration;
			buildSettings = {
				ASSETCATALOG_COMPILER_APPICON_NAME = AppIcon;
				ASSETCATALOG_COMPILER_GLOBAL_ACCENT_COLOR_NAME = AccentColor;
				CODE_SIGN_STYLE = Automatic;
				INFOPLIST_FILE = WeatherMate/Info.plist;
				LD_RUNPATH_SEARCH_PATHS = (
					"$(inherited)",
					"@executable_path/Frameworks",
				);
				PRODUCT_BUNDLE_IDENTIFIER = Com.test.weathermate.WeatherMate;
				PRODUCT_NAME = "$(TARGET_NAME)";
				SWIFT_VERSION = 5.0;
				TARGETED_DEVICE_FAMILY = "1,2";
			};
			name = Debug;
		};
		450932C5259106610092FDF5 /* Release */ = {
			isa = XCBuildConfiguration;
			buildSettings = {
				ASSETCATALOG_COMPILER_APPICON_NAME = AppIcon;
				ASSETCATALOG_COMPILER_GLOBAL_ACCENT_COLOR_NAME = AccentColor;
				CODE_SIGN_STYLE = Automatic;
				INFOPLIST_FILE = WeatherMate/Info.plist;
				LD_RUNPATH_SEARCH_PATHS = (
					"$(inherited)",
					"@executable_path/Frameworks",
				);
				PRODUCT_BUNDLE_IDENTIFIER = Com.test.weathermate.WeatherMate;
				PRODUCT_NAME = "$(TARGET_NAME)";
				SWIFT_VERSION = 5.0;
				TARGETED_DEVICE_FAMILY = "1,2";
			};
			name = Release;
		};
		450932C7259106610092FDF5 /* Debug */ = {
			isa = XCBuildConfiguration;
			buildSettings = {
				ALWAYS_EMBED_SWIFT_STANDARD_LIBRARIES = YES;
				BUNDLE_LOADER = "$(TEST_HOST)";
				CODE_SIGN_STYLE = Automatic;
				INFOPLIST_FILE = WeatherMateTests/Info.plist;
				IPHONEOS_DEPLOYMENT_TARGET = 13.1;
				LD_RUNPATH_SEARCH_PATHS = (
					"$(inherited)",
					"@executable_path/Frameworks",
					"@loader_path/Frameworks",
				);
				PRODUCT_BUNDLE_IDENTIFIER = Com.test.weathermate.WeatherMateTests;
				PRODUCT_NAME = "$(TARGET_NAME)";
				SWIFT_VERSION = 5.0;
				TARGETED_DEVICE_FAMILY = "1,2";
				TEST_HOST = "$(BUILT_PRODUCTS_DIR)/WeatherMate.app/WeatherMate";
			};
			name = Debug;
		};
		450932C8259106610092FDF5 /* Release */ = {
			isa = XCBuildConfiguration;
			buildSettings = {
				ALWAYS_EMBED_SWIFT_STANDARD_LIBRARIES = YES;
				BUNDLE_LOADER = "$(TEST_HOST)";
				CODE_SIGN_STYLE = Automatic;
				INFOPLIST_FILE = WeatherMateTests/Info.plist;
				IPHONEOS_DEPLOYMENT_TARGET = 13.1;
				LD_RUNPATH_SEARCH_PATHS = (
					"$(inherited)",
					"@executable_path/Frameworks",
					"@loader_path/Frameworks",
				);
				PRODUCT_BUNDLE_IDENTIFIER = Com.test.weathermate.WeatherMateTests;
				PRODUCT_NAME = "$(TARGET_NAME)";
				SWIFT_VERSION = 5.0;
				TARGETED_DEVICE_FAMILY = "1,2";
				TEST_HOST = "$(BUILT_PRODUCTS_DIR)/WeatherMate.app/WeatherMate";
			};
			name = Release;
		};
/* End XCBuildConfiguration section */

/* Begin XCConfigurationList section */
		450932942591065D0092FDF5 /* Build configuration list for PBXProject "WeatherMate" */ = {
			isa = XCConfigurationList;
			buildConfigurations = (
				450932C1259106610092FDF5 /* Debug */,
				450932C2259106610092FDF5 /* Release */,
			);
			defaultConfigurationIsVisible = 0;
			defaultConfigurationName = Release;
		};
		450932C3259106610092FDF5 /* Build configuration list for PBXNativeTarget "WeatherMate" */ = {
			isa = XCConfigurationList;
			buildConfigurations = (
				450932C4259106610092FDF5 /* Debug */,
				450932C5259106610092FDF5 /* Release */,
			);
			defaultConfigurationIsVisible = 0;
			defaultConfigurationName = Release;
		};
		450932C6259106610092FDF5 /* Build configuration list for PBXNativeTarget "WeatherMateTests" */ = {
			isa = XCConfigurationList;
			buildConfigurations = (
				450932C7259106610092FDF5 /* Debug */,
				450932C8259106610092FDF5 /* Release */,
			);
			defaultConfigurationIsVisible = 0;
			defaultConfigurationName = Release;
		};
/* End XCConfigurationList section */
	};
	rootObject = 450932912591065D0092FDF5 /* Project object */;
}
